
Microsoft Visual Studio Solution File, Format Version 12.00
# Visual Studio 2013
VisualStudioVersion = 12.0.30723.0
MinimumVisualStudioVersion = 10.0.40219.1
Project("{FAE04EC0-301F-11D3-BF4B-00C04F79EFBC}") = "PushbulletSharp", "PushbulletSharp\PushbulletSharp.csproj", "{4F7BB7E4-35D2-467E-8C61-1C86795F7653}"
EndProject
Project("{FAE04EC0-301F-11D3-BF4B-00C04F79EFBC}") = "PushbulletSharp.Tests", "PushbulletSharp.Tests\PushbulletSharp.Tests.csproj", "{725F29C7-5DC7-426C-B37C-039A93CBCF68}"
EndProject
Project("{FAE04EC0-301F-11D3-BF4B-00C04F79EFBC}") = "PushbulletSharp.PrivateTests", "PushbulletSharp.PrivateTests\PushbulletSharp.PrivateTests.csproj", "{0A31D65F-0B39-434F-9FF5-604F7D6F5A8D}"
EndProject
Global
	GlobalSection(SolutionConfigurationPlatforms) = preSolution
		Debug|Any CPU = Debug|Any CPU
		Release|Any CPU = Release|Any CPU
	EndGlobalSection
	GlobalSection(ProjectConfigurationPlatforms) = postSolution
		{4F7BB7E4-35D2-467E-8C61-1C86795F7653}.Debug|Any CPU.ActiveCfg = Debug|Any CPU
		{4F7BB7E4-35D2-467E-8C61-1C86795F7653}.Debug|Any CPU.Build.0 = Debug|Any CPU
		{4F7BB7E4-35D2-467E-8C61-1C86795F7653}.Release|Any CPU.ActiveCfg = Release|Any CPU
		{4F7BB7E4-35D2-467E-8C61-1C86795F7653}.Release|Any CPU.Build.0 = Release|Any CPU
		{725F29C7-5DC7-426C-B37C-039A93CBCF68}.Debug|Any CPU.ActiveCfg = Debug|Any CPU
		{725F29C7-5DC7-426C-B37C-039A93CBCF68}.Debug|Any CPU.Build.0 = Debug|Any CPU
		{725F29C7-5DC7-426C-B37C-039A93CBCF68}.Release|Any CPU.ActiveCfg = Release|Any CPU
		{725F29C7-5DC7-426C-B37C-039A93CBCF68}.Release|Any CPU.Build.0 = Release|Any CPU
		{0A31D65F-0B39-434F-9FF5-604F7D6F5A8D}.Debug|Any CPU.ActiveCfg = Debug|Any CPU
		{0A31D65F-0B39-434F-9FF5-604F7D6F5A8D}.Debug|Any CPU.Build.0 = Debug|Any CPU
		{0A31D65F-0B39-434F-9FF5-604F7D6F5A8D}.Release|Any CPU.ActiveCfg = Release|Any CPU
		{0A31D65F-0B39-434F-9FF5-604F7D6F5A8D}.Release|Any CPU.Build.0 = Release|Any CPU
	EndGlobalSection
	GlobalSection(SolutionProperties) = preSolution
		HideSolutionNode = FALSE
	EndGlobalSection
EndGlobal
