
Microsoft Visual Studio Solution File, Format Version 12.00
# Visual Studio 15
VisualStudioVersion = 15.0.26430.13
MinimumVisualStudioVersion = 10.0.40219.1
Project("{FAE04EC0-301F-11D3-BF4B-00C04F79EFBC}") = "PushbulletSharp.Tests", "PushbulletSharp.Tests\PushbulletSharp.Tests.csproj", "{725F29C7-5DC7-426C-B37C-039A93CBCF68}"
EndProject
Project("{FAE04EC0-301F-11D3-BF4B-00C04F79EFBC}") = "PushbulletSharp", "PushbulletSharp\PushbulletSharp.csproj", "{459FDFF0-D68E-49AE-961F-0912916B78AB}"
EndProject
Project("{FAE04EC0-301F-11D3-BF4B-00C04F79EFBC}") = "PushbulletSharp.WebSocketConsole", "PushbulletSharp.WebSocketConsole\PushbulletSharp.WebSocketConsole.csproj", "{F808238B-C8F9-4E56-B390-4C48AA3A979B}"
EndProject
Project("{FAE04EC0-301F-11D3-BF4B-00C04F79EFBC}") = "PushbulletSharpCore", "PushbulletSharpCore\PushbulletSharpCore.csproj", "{D3C9DA8A-2246-4A44-A616-0AFE011FF775}"
EndProject
Global
	GlobalSection(SolutionConfigurationPlatforms) = preSolution
		Debug|Any CPU = Debug|Any CPU
		Release|Any CPU = Release|Any CPU
	EndGlobalSection
	GlobalSection(ProjectConfigurationPlatforms) = postSolution
		{725F29C7-5DC7-426C-B37C-039A93CBCF68}.Debug|Any CPU.ActiveCfg = Debug|Any CPU
		{725F29C7-5DC7-426C-B37C-039A93CBCF68}.Debug|Any CPU.Build.0 = Debug|Any CPU
		{725F29C7-5DC7-426C-B37C-039A93CBCF68}.Release|Any CPU.ActiveCfg = Release|Any CPU
		{725F29C7-5DC7-426C-B37C-039A93CBCF68}.Release|Any CPU.Build.0 = Release|Any CPU
		{459FDFF0-D68E-49AE-961F-0912916B78AB}.Debug|Any CPU.ActiveCfg = Debug|Any CPU
		{459FDFF0-D68E-49AE-961F-0912916B78AB}.Debug|Any CPU.Build.0 = Debug|Any CPU
		{459FDFF0-D68E-49AE-961F-0912916B78AB}.Release|Any CPU.ActiveCfg = Release|Any CPU
		{459FDFF0-D68E-49AE-961F-0912916B78AB}.Release|Any CPU.Build.0 = Release|Any CPU
		{F808238B-C8F9-4E56-B390-4C48AA3A979B}.Debug|Any CPU.ActiveCfg = Debug|Any CPU
		{F808238B-C8F9-4E56-B390-4C48AA3A979B}.Debug|Any CPU.Build.0 = Debug|Any CPU
		{F808238B-C8F9-4E56-B390-4C48AA3A979B}.Release|Any CPU.ActiveCfg = Release|Any CPU
		{F808238B-C8F9-4E56-B390-4C48AA3A979B}.Release|Any CPU.Build.0 = Release|Any CPU
		{D3C9DA8A-2246-4A44-A616-0AFE011FF775}.Debug|Any CPU.ActiveCfg = Debug|Any CPU
		{D3C9DA8A-2246-4A44-A616-0AFE011FF775}.Debug|Any CPU.Build.0 = Debug|Any CPU
		{D3C9DA8A-2246-4A44-A616-0AFE011FF775}.Release|Any CPU.ActiveCfg = Release|Any CPU
		{D3C9DA8A-2246-4A44-A616-0AFE011FF775}.Release|Any CPU.Build.0 = Release|Any CPU
	EndGlobalSection
	GlobalSection(SolutionProperties) = preSolution
		HideSolutionNode = FALSE
	EndGlobalSection
EndGlobal
